// !$*UTF8*$!
{
	archiveVersion = 1;
	classes = {
	};
	objectVersion = 50;
	objects = {

/* Begin PBXBuildFile section */
		9379EAE726149117006916B5 /* HostingTabBar.swift in Sources */ = {isa = PBXBuildFile; fileRef = 9379EAE626149117006916B5 /* HostingTabBar.swift */; };
		9379EAF92614C7D0006916B5 /* ZoneListVM.swift in Sources */ = {isa = PBXBuildFile; fileRef = 9379EAF82614C7D0006916B5 /* ZoneListVM.swift */; };
		9379EAFE2614C9CE006916B5 /* Reservation.swift in Sources */ = {isa = PBXBuildFile; fileRef = 9379EAFD2614C9CE006916B5 /* Reservation.swift */; };
		9379EB032614CA14006916B5 /* Societe.swift in Sources */ = {isa = PBXBuildFile; fileRef = 9379EB022614CA14006916B5 /* Societe.swift */; };
		9379EB082614CA41006916B5 /* SuiviJeu.swift in Sources */ = {isa = PBXBuildFile; fileRef = 9379EB072614CA41006916B5 /* SuiviJeu.swift */; };
		9379EB0E2614CA68006916B5 /* TypeJeu.swift in Sources */ = {isa = PBXBuildFile; fileRef = 9379EB0D2614CA68006916B5 /* TypeJeu.swift */; };
		9379EB232614CEBF006916B5 /* ZoneList.swift in Sources */ = {isa = PBXBuildFile; fileRef = 9379EB222614CEBF006916B5 /* ZoneList.swift */; };
		9379EB282614D0A0006916B5 /* ZoneListIntent.swift in Sources */ = {isa = PBXBuildFile; fileRef = 9379EB272614D0A0006916B5 /* ZoneListIntent.swift */; };
		93C025F026126EFF00492B81 /* FestivalIntent.swift in Sources */ = {isa = PBXBuildFile; fileRef = 93C025EF26126EFF00492B81 /* FestivalIntent.swift */; };
		93C025F526126F2A00492B81 /* FestivalVM.swift in Sources */ = {isa = PBXBuildFile; fileRef = 93C025F426126F2A00492B81 /* FestivalVM.swift */; };
		93D894242600B87A0089ECB0 /* KeyboardResponder.swift in Sources */ = {isa = PBXBuildFile; fileRef = 93D894232600B87A0089ECB0 /* KeyboardResponder.swift */; };
		93D8942C26011E350089ECB0 /* LoginView.swift in Sources */ = {isa = PBXBuildFile; fileRef = 93D8942B26011E350089ECB0 /* LoginView.swift */; };
		93D8943F260143C30089ECB0 /* MotherView.swift in Sources */ = {isa = PBXBuildFile; fileRef = 93D8943E260143C30089ECB0 /* MotherView.swift */; };
		93D8944E2601462B0089ECB0 /* ViewRouter.swift in Sources */ = {isa = PBXBuildFile; fileRef = 93D8944D2601462B0089ECB0 /* ViewRouter.swift */; };
		93D894622609EBD20089ECB0 /* GameListView.swift in Sources */ = {isa = PBXBuildFile; fileRef = 93D894612609EBD20089ECB0 /* GameListView.swift */; };
		93D894672609EBF10089ECB0 /* EditorListView.swift in Sources */ = {isa = PBXBuildFile; fileRef = 93D894662609EBF10089ECB0 /* EditorListView.swift */; };
		93D8946C2609EC040089ECB0 /* ZoneListView.swift in Sources */ = {isa = PBXBuildFile; fileRef = 93D8946B2609EC040089ECB0 /* ZoneListView.swift */; };
		93D894762609EE450089ECB0 /* Game.swift in Sources */ = {isa = PBXBuildFile; fileRef = 93D894752609EE450089ECB0 /* Game.swift */; };
		93D8947E2609EE510089ECB0 /* GameVM.swift in Sources */ = {isa = PBXBuildFile; fileRef = 93D8947D2609EE510089ECB0 /* GameVM.swift */; };
		93D89495260B92120089ECB0 /* EditorItem.swift in Sources */ = {isa = PBXBuildFile; fileRef = 93D89494260B92120089ECB0 /* EditorItem.swift */; };
		BC6F5F602613D47100241649 /* GameList.swift in Sources */ = {isa = PBXBuildFile; fileRef = BC6F5F5F2613D47100241649 /* GameList.swift */; };
		BC6F5F692613D87600241649 /* GameListVM.swift in Sources */ = {isa = PBXBuildFile; fileRef = BC6F5F682613D87600241649 /* GameListVM.swift */; };
		BC6F5F6E2613D9A800241649 /* GameListViewIntent.swift in Sources */ = {isa = PBXBuildFile; fileRef = BC6F5F6D2613D9A800241649 /* GameListViewIntent.swift */; };
		BCD713542610C61C0002FAAA /* Festival.swift in Sources */ = {isa = PBXBuildFile; fileRef = BCD713532610C61C0002FAAA /* Festival.swift */; };
		BCD713682610CD400002FAAA /* Zone.swift in Sources */ = {isa = PBXBuildFile; fileRef = BCD713672610CD400002FAAA /* Zone.swift */; };
		BCDE6B1C25F9745100F710DE /* mal_projetwebmobile_frontmobileApp.swift in Sources */ = {isa = PBXBuildFile; fileRef = BCDE6B1B25F9745100F710DE /* mal_projetwebmobile_frontmobileApp.swift */; };
		BCDE6B1E25F9745100F710DE /* StartView.swift in Sources */ = {isa = PBXBuildFile; fileRef = BCDE6B1D25F9745100F710DE /* StartView.swift */; };
		BCDE6B2025F9745200F710DE /* Assets.xcassets in Resources */ = {isa = PBXBuildFile; fileRef = BCDE6B1F25F9745200F710DE /* Assets.xcassets */; };
		BCDE6B2325F9745200F710DE /* Preview Assets.xcassets in Resources */ = {isa = PBXBuildFile; fileRef = BCDE6B2225F9745200F710DE /* Preview Assets.xcassets */; };
		BCDE6B2E25F9745200F710DE /* mal_projetwebmobile_frontmobileTests.swift in Sources */ = {isa = PBXBuildFile; fileRef = BCDE6B2D25F9745200F710DE /* mal_projetwebmobile_frontmobileTests.swift */; };
		BCDE6B3925F9745200F710DE /* mal_projetwebmobile_frontmobileUITests.swift in Sources */ = {isa = PBXBuildFile; fileRef = BCDE6B3825F9745200F710DE /* mal_projetwebmobile_frontmobileUITests.swift */; };
		BCE8CE22260A41B80047CB27 /* EditorVM.swift in Sources */ = {isa = PBXBuildFile; fileRef = BCE8CE21260A41B80047CB27 /* EditorVM.swift */; };
		BCE8CE27260A421C0047CB27 /* Editor.swift in Sources */ = {isa = PBXBuildFile; fileRef = BCE8CE26260A421C0047CB27 /* Editor.swift */; };
		BCE8CE35260A454B0047CB27 /* EditorListViewIntent.swift in Sources */ = {isa = PBXBuildFile; fileRef = BCE8CE34260A454B0047CB27 /* EditorListViewIntent.swift */; };
		BCE8CE3D260A4F720047CB27 /* EditorList.swift in Sources */ = {isa = PBXBuildFile; fileRef = BCE8CE3C260A4F720047CB27 /* EditorList.swift */; };
		BCE8CE47260A5C2E0047CB27 /* ServerHelper.swift in Sources */ = {isa = PBXBuildFile; fileRef = BCE8CE46260A5C2E0047CB27 /* ServerHelper.swift */; };
		BCE8CE4F260A67210047CB27 /* InOutHelper.swift in Sources */ = {isa = PBXBuildFile; fileRef = BCE8CE4E260A67210047CB27 /* InOutHelper.swift */; };
		BCE8CE54260A6A140047CB27 /* EditorListVM.swift in Sources */ = {isa = PBXBuildFile; fileRef = BCE8CE53260A6A140047CB27 /* EditorListVM.swift */; };
/* End PBXBuildFile section */

/* Begin PBXContainerItemProxy section */
		BCDE6B2A25F9745200F710DE /* PBXContainerItemProxy */ = {
			isa = PBXContainerItemProxy;
			containerPortal = BCDE6B1025F9745100F710DE /* Project object */;
			proxyType = 1;
			remoteGlobalIDString = BCDE6B1725F9745100F710DE;
			remoteInfo = mal_projetwebmobile_frontmobile;
		};
		BCDE6B3525F9745200F710DE /* PBXContainerItemProxy */ = {
			isa = PBXContainerItemProxy;
			containerPortal = BCDE6B1025F9745100F710DE /* Project object */;
			proxyType = 1;
			remoteGlobalIDString = BCDE6B1725F9745100F710DE;
			remoteInfo = mal_projetwebmobile_frontmobile;
		};
/* End PBXContainerItemProxy section */

/* Begin PBXFileReference section */
		9379EAE626149117006916B5 /* HostingTabBar.swift */ = {isa = PBXFileReference; lastKnownFileType = sourcecode.swift; path = HostingTabBar.swift; sourceTree = "<group>"; };
		9379EAF82614C7D0006916B5 /* ZoneListVM.swift */ = {isa = PBXFileReference; lastKnownFileType = sourcecode.swift; path = ZoneListVM.swift; sourceTree = "<group>"; };
		9379EAFD2614C9CE006916B5 /* Reservation.swift */ = {isa = PBXFileReference; lastKnownFileType = sourcecode.swift; path = Reservation.swift; sourceTree = "<group>"; };
		9379EB022614CA14006916B5 /* Societe.swift */ = {isa = PBXFileReference; lastKnownFileType = sourcecode.swift; path = Societe.swift; sourceTree = "<group>"; };
		9379EB072614CA41006916B5 /* SuiviJeu.swift */ = {isa = PBXFileReference; lastKnownFileType = sourcecode.swift; path = SuiviJeu.swift; sourceTree = "<group>"; };
		9379EB0D2614CA68006916B5 /* TypeJeu.swift */ = {isa = PBXFileReference; lastKnownFileType = sourcecode.swift; path = TypeJeu.swift; sourceTree = "<group>"; };
		9379EB222614CEBF006916B5 /* ZoneList.swift */ = {isa = PBXFileReference; lastKnownFileType = sourcecode.swift; path = ZoneList.swift; sourceTree = "<group>"; };
		9379EB272614D0A0006916B5 /* ZoneListIntent.swift */ = {isa = PBXFileReference; lastKnownFileType = sourcecode.swift; path = ZoneListIntent.swift; sourceTree = "<group>"; };
		93C025EF26126EFF00492B81 /* FestivalIntent.swift */ = {isa = PBXFileReference; lastKnownFileType = sourcecode.swift; path = FestivalIntent.swift; sourceTree = "<group>"; };
		93C025F426126F2A00492B81 /* FestivalVM.swift */ = {isa = PBXFileReference; lastKnownFileType = sourcecode.swift; path = FestivalVM.swift; sourceTree = "<group>"; };
		93D894232600B87A0089ECB0 /* KeyboardResponder.swift */ = {isa = PBXFileReference; lastKnownFileType = sourcecode.swift; path = KeyboardResponder.swift; sourceTree = "<group>"; };
		93D8942B26011E350089ECB0 /* LoginView.swift */ = {isa = PBXFileReference; lastKnownFileType = sourcecode.swift; path = LoginView.swift; sourceTree = "<group>"; };
		93D8943E260143C30089ECB0 /* MotherView.swift */ = {isa = PBXFileReference; lastKnownFileType = sourcecode.swift; path = MotherView.swift; sourceTree = "<group>"; };
		93D8944D2601462B0089ECB0 /* ViewRouter.swift */ = {isa = PBXFileReference; lastKnownFileType = sourcecode.swift; path = ViewRouter.swift; sourceTree = "<group>"; };
		93D894612609EBD20089ECB0 /* GameListView.swift */ = {isa = PBXFileReference; lastKnownFileType = sourcecode.swift; path = GameListView.swift; sourceTree = "<group>"; };
		93D894662609EBF10089ECB0 /* EditorListView.swift */ = {isa = PBXFileReference; lastKnownFileType = sourcecode.swift; path = EditorListView.swift; sourceTree = "<group>"; };
		93D8946B2609EC040089ECB0 /* ZoneListView.swift */ = {isa = PBXFileReference; lastKnownFileType = sourcecode.swift; path = ZoneListView.swift; sourceTree = "<group>"; };
		93D894752609EE450089ECB0 /* Game.swift */ = {isa = PBXFileReference; lastKnownFileType = sourcecode.swift; path = Game.swift; sourceTree = "<group>"; };
		93D8947D2609EE510089ECB0 /* GameVM.swift */ = {isa = PBXFileReference; lastKnownFileType = sourcecode.swift; path = GameVM.swift; sourceTree = "<group>"; };
		93D89494260B92120089ECB0 /* EditorItem.swift */ = {isa = PBXFileReference; lastKnownFileType = sourcecode.swift; path = EditorItem.swift; sourceTree = "<group>"; };
		BC6F5F5F2613D47100241649 /* GameList.swift */ = {isa = PBXFileReference; lastKnownFileType = sourcecode.swift; path = GameList.swift; sourceTree = "<group>"; };
		BC6F5F682613D87600241649 /* GameListVM.swift */ = {isa = PBXFileReference; lastKnownFileType = sourcecode.swift; path = GameListVM.swift; sourceTree = "<group>"; };
		BC6F5F6D2613D9A800241649 /* GameListViewIntent.swift */ = {isa = PBXFileReference; lastKnownFileType = sourcecode.swift; path = GameListViewIntent.swift; sourceTree = "<group>"; };
		BCD713532610C61C0002FAAA /* Festival.swift */ = {isa = PBXFileReference; lastKnownFileType = sourcecode.swift; path = Festival.swift; sourceTree = "<group>"; };
		BCD713672610CD400002FAAA /* Zone.swift */ = {isa = PBXFileReference; lastKnownFileType = sourcecode.swift; path = Zone.swift; sourceTree = "<group>"; };
		BCDE6B1825F9745100F710DE /* mal_projetwebmobile_frontmobile.app */ = {isa = PBXFileReference; explicitFileType = wrapper.application; includeInIndex = 0; path = mal_projetwebmobile_frontmobile.app; sourceTree = BUILT_PRODUCTS_DIR; };
		BCDE6B1B25F9745100F710DE /* mal_projetwebmobile_frontmobileApp.swift */ = {isa = PBXFileReference; lastKnownFileType = sourcecode.swift; path = mal_projetwebmobile_frontmobileApp.swift; sourceTree = "<group>"; };
		BCDE6B1D25F9745100F710DE /* StartView.swift */ = {isa = PBXFileReference; lastKnownFileType = sourcecode.swift; path = StartView.swift; sourceTree = "<group>"; };
		BCDE6B1F25F9745200F710DE /* Assets.xcassets */ = {isa = PBXFileReference; lastKnownFileType = folder.assetcatalog; path = Assets.xcassets; sourceTree = "<group>"; };
		BCDE6B2225F9745200F710DE /* Preview Assets.xcassets */ = {isa = PBXFileReference; lastKnownFileType = folder.assetcatalog; path = "Preview Assets.xcassets"; sourceTree = "<group>"; };
		BCDE6B2425F9745200F710DE /* Info.plist */ = {isa = PBXFileReference; lastKnownFileType = text.plist.xml; path = Info.plist; sourceTree = "<group>"; };
		BCDE6B2925F9745200F710DE /* mal_projetwebmobile_frontmobileTests.xctest */ = {isa = PBXFileReference; explicitFileType = wrapper.cfbundle; includeInIndex = 0; path = mal_projetwebmobile_frontmobileTests.xctest; sourceTree = BUILT_PRODUCTS_DIR; };
		BCDE6B2D25F9745200F710DE /* mal_projetwebmobile_frontmobileTests.swift */ = {isa = PBXFileReference; lastKnownFileType = sourcecode.swift; path = mal_projetwebmobile_frontmobileTests.swift; sourceTree = "<group>"; };
		BCDE6B2F25F9745200F710DE /* Info.plist */ = {isa = PBXFileReference; lastKnownFileType = text.plist.xml; path = Info.plist; sourceTree = "<group>"; };
		BCDE6B3425F9745200F710DE /* mal_projetwebmobile_frontmobileUITests.xctest */ = {isa = PBXFileReference; explicitFileType = wrapper.cfbundle; includeInIndex = 0; path = mal_projetwebmobile_frontmobileUITests.xctest; sourceTree = BUILT_PRODUCTS_DIR; };
		BCDE6B3825F9745200F710DE /* mal_projetwebmobile_frontmobileUITests.swift */ = {isa = PBXFileReference; lastKnownFileType = sourcecode.swift; path = mal_projetwebmobile_frontmobileUITests.swift; sourceTree = "<group>"; };
		BCDE6B3A25F9745200F710DE /* Info.plist */ = {isa = PBXFileReference; lastKnownFileType = text.plist.xml; path = Info.plist; sourceTree = "<group>"; };
		BCE8CE21260A41B80047CB27 /* EditorVM.swift */ = {isa = PBXFileReference; lastKnownFileType = sourcecode.swift; path = EditorVM.swift; sourceTree = "<group>"; };
		BCE8CE26260A421C0047CB27 /* Editor.swift */ = {isa = PBXFileReference; fileEncoding = 4; lastKnownFileType = sourcecode.swift; path = Editor.swift; sourceTree = "<group>"; };
		BCE8CE34260A454B0047CB27 /* EditorListViewIntent.swift */ = {isa = PBXFileReference; lastKnownFileType = sourcecode.swift; path = EditorListViewIntent.swift; sourceTree = "<group>"; };
		BCE8CE3C260A4F720047CB27 /* EditorList.swift */ = {isa = PBXFileReference; lastKnownFileType = sourcecode.swift; path = EditorList.swift; sourceTree = "<group>"; };
		BCE8CE46260A5C2E0047CB27 /* ServerHelper.swift */ = {isa = PBXFileReference; lastKnownFileType = sourcecode.swift; path = ServerHelper.swift; sourceTree = "<group>"; };
		BCE8CE4E260A67210047CB27 /* InOutHelper.swift */ = {isa = PBXFileReference; lastKnownFileType = sourcecode.swift; path = InOutHelper.swift; sourceTree = "<group>"; };
		BCE8CE53260A6A140047CB27 /* EditorListVM.swift */ = {isa = PBXFileReference; lastKnownFileType = sourcecode.swift; path = EditorListVM.swift; sourceTree = "<group>"; };
/* End PBXFileReference section */

/* Begin PBXFrameworksBuildPhase section */
		BCDE6B1525F9745100F710DE /* Frameworks */ = {
			isa = PBXFrameworksBuildPhase;
			buildActionMask = 2147483647;
			files = (
			);
			runOnlyForDeploymentPostprocessing = 0;
		};
		BCDE6B2625F9745200F710DE /* Frameworks */ = {
			isa = PBXFrameworksBuildPhase;
			buildActionMask = 2147483647;
			files = (
			);
			runOnlyForDeploymentPostprocessing = 0;
		};
		BCDE6B3125F9745200F710DE /* Frameworks */ = {
			isa = PBXFrameworksBuildPhase;
			buildActionMask = 2147483647;
			files = (
			);
			runOnlyForDeploymentPostprocessing = 0;
		};
/* End PBXFrameworksBuildPhase section */

/* Begin PBXGroup section */
		93835FBF25FE0982003C2167 /* Views */ = {
			isa = PBXGroup;
			children = (
				93D89493260B91F20089ECB0 /* Zone */,
				93D89492260B91E60089ECB0 /* Game */,
				93D89491260B91C60089ECB0 /* Editor */,
				93D8943E260143C30089ECB0 /* MotherView.swift */,
				BCDE6B1D25F9745100F710DE /* StartView.swift */,
				93D8942B26011E350089ECB0 /* LoginView.swift */,
			);
			path = Views;
			sourceTree = "<group>";
		};
		93835FC025FE0994003C2167 /* ViewModels */ = {
			isa = PBXGroup;
			children = (
				93D8947D2609EE510089ECB0 /* GameVM.swift */,
				BCE8CE21260A41B80047CB27 /* EditorVM.swift */,
				BCE8CE53260A6A140047CB27 /* EditorListVM.swift */,
				93C025F426126F2A00492B81 /* FestivalVM.swift */,
				BC6F5F682613D87600241649 /* GameListVM.swift */,
				9379EAF82614C7D0006916B5 /* ZoneListVM.swift */,
			);
			path = ViewModels;
			sourceTree = "<group>";
		};
		93835FC125FE09A0003C2167 /* Models */ = {
			isa = PBXGroup;
			children = (
				BCE8CE26260A421C0047CB27 /* Editor.swift */,
				BCE8CE3C260A4F720047CB27 /* EditorList.swift */,
				BCD713532610C61C0002FAAA /* Festival.swift */,
				93D894752609EE450089ECB0 /* Game.swift */,
				BC6F5F5F2613D47100241649 /* GameList.swift */,
				BCD713672610CD400002FAAA /* Zone.swift */,
				9379EB222614CEBF006916B5 /* ZoneList.swift */,
				9379EAFD2614C9CE006916B5 /* Reservation.swift */,
				9379EB022614CA14006916B5 /* Societe.swift */,
				9379EB072614CA41006916B5 /* SuiviJeu.swift */,
				9379EB0D2614CA68006916B5 /* TypeJeu.swift */,
			);
			path = Models;
			sourceTree = "<group>";
		};
		93D89491260B91C60089ECB0 /* Editor */ = {
			isa = PBXGroup;
			children = (
				93D894662609EBF10089ECB0 /* EditorListView.swift */,
				93D89494260B92120089ECB0 /* EditorItem.swift */,
			);
			path = Editor;
			sourceTree = "<group>";
		};
		93D89492260B91E60089ECB0 /* Game */ = {
			isa = PBXGroup;
			children = (
				93D894612609EBD20089ECB0 /* GameListView.swift */,
			);
			path = Game;
			sourceTree = "<group>";
		};
		93D89493260B91F20089ECB0 /* Zone */ = {
			isa = PBXGroup;
			children = (
				93D8946B2609EC040089ECB0 /* ZoneListView.swift */,
			);
			path = Zone;
			sourceTree = "<group>";
		};
		BCDE6B0F25F9745100F710DE = {
			isa = PBXGroup;
			children = (
				BCDE6B1A25F9745100F710DE /* mal_projetwebmobile_frontmobile */,
				BCDE6B2C25F9745200F710DE /* mal_projetwebmobile_frontmobileTests */,
				BCDE6B3725F9745200F710DE /* mal_projetwebmobile_frontmobileUITests */,
				BCDE6B1925F9745100F710DE /* Products */,
			);
			sourceTree = "<group>";
		};
		BCDE6B1925F9745100F710DE /* Products */ = {
			isa = PBXGroup;
			children = (
				BCDE6B1825F9745100F710DE /* mal_projetwebmobile_frontmobile.app */,
				BCDE6B2925F9745200F710DE /* mal_projetwebmobile_frontmobileTests.xctest */,
				BCDE6B3425F9745200F710DE /* mal_projetwebmobile_frontmobileUITests.xctest */,
			);
			name = Products;
			sourceTree = "<group>";
		};
		BCDE6B1A25F9745100F710DE /* mal_projetwebmobile_frontmobile */ = {
			isa = PBXGroup;
			children = (
				BCE8CE45260A5BC30047CB27 /* Utils */,
				BCE8CE33260A452D0047CB27 /* Intent */,
				93835FC125FE09A0003C2167 /* Models */,
				93835FC025FE0994003C2167 /* ViewModels */,
				93835FBF25FE0982003C2167 /* Views */,
				BCDE6B1B25F9745100F710DE /* mal_projetwebmobile_frontmobileApp.swift */,
				93D8944D2601462B0089ECB0 /* ViewRouter.swift */,
				9379EAE626149117006916B5 /* HostingTabBar.swift */,
				93D894232600B87A0089ECB0 /* KeyboardResponder.swift */,
				BCDE6B1F25F9745200F710DE /* Assets.xcassets */,
				BCDE6B2425F9745200F710DE /* Info.plist */,
				BCDE6B2125F9745200F710DE /* Preview Content */,
			);
			path = mal_projetwebmobile_frontmobile;
			sourceTree = "<group>";
		};
		BCDE6B2125F9745200F710DE /* Preview Content */ = {
			isa = PBXGroup;
			children = (
				BCDE6B2225F9745200F710DE /* Preview Assets.xcassets */,
			);
			path = "Preview Content";
			sourceTree = "<group>";
		};
		BCDE6B2C25F9745200F710DE /* mal_projetwebmobile_frontmobileTests */ = {
			isa = PBXGroup;
			children = (
				BCDE6B2D25F9745200F710DE /* mal_projetwebmobile_frontmobileTests.swift */,
				BCDE6B2F25F9745200F710DE /* Info.plist */,
			);
			path = mal_projetwebmobile_frontmobileTests;
			sourceTree = "<group>";
		};
		BCDE6B3725F9745200F710DE /* mal_projetwebmobile_frontmobileUITests */ = {
			isa = PBXGroup;
			children = (
				BCDE6B3825F9745200F710DE /* mal_projetwebmobile_frontmobileUITests.swift */,
				BCDE6B3A25F9745200F710DE /* Info.plist */,
			);
			path = mal_projetwebmobile_frontmobileUITests;
			sourceTree = "<group>";
		};
		BCE8CE33260A452D0047CB27 /* Intent */ = {
			isa = PBXGroup;
			children = (
				BCE8CE34260A454B0047CB27 /* EditorListViewIntent.swift */,
				93C025EF26126EFF00492B81 /* FestivalIntent.swift */,
				BC6F5F6D2613D9A800241649 /* GameListViewIntent.swift */,
				9379EB272614D0A0006916B5 /* ZoneListIntent.swift */,
			);
			path = Intent;
			sourceTree = "<group>";
		};
		BCE8CE45260A5BC30047CB27 /* Utils */ = {
			isa = PBXGroup;
			children = (
				BCE8CE46260A5C2E0047CB27 /* ServerHelper.swift */,
				BCE8CE4E260A67210047CB27 /* InOutHelper.swift */,
			);
			path = Utils;
			sourceTree = "<group>";
		};
/* End PBXGroup section */

/* Begin PBXNativeTarget section */
		BCDE6B1725F9745100F710DE /* mal_projetwebmobile_frontmobile */ = {
			isa = PBXNativeTarget;
			buildConfigurationList = BCDE6B3D25F9745200F710DE /* Build configuration list for PBXNativeTarget "mal_projetwebmobile_frontmobile" */;
			buildPhases = (
				BCDE6B1425F9745100F710DE /* Sources */,
				BCDE6B1525F9745100F710DE /* Frameworks */,
				BCDE6B1625F9745100F710DE /* Resources */,
			);
			buildRules = (
			);
			dependencies = (
			);
			name = mal_projetwebmobile_frontmobile;
			productName = mal_projetwebmobile_frontmobile;
			productReference = BCDE6B1825F9745100F710DE /* mal_projetwebmobile_frontmobile.app */;
			productType = "com.apple.product-type.application";
		};
		BCDE6B2825F9745200F710DE /* mal_projetwebmobile_frontmobileTests */ = {
			isa = PBXNativeTarget;
			buildConfigurationList = BCDE6B4025F9745200F710DE /* Build configuration list for PBXNativeTarget "mal_projetwebmobile_frontmobileTests" */;
			buildPhases = (
				BCDE6B2525F9745200F710DE /* Sources */,
				BCDE6B2625F9745200F710DE /* Frameworks */,
				BCDE6B2725F9745200F710DE /* Resources */,
			);
			buildRules = (
			);
			dependencies = (
				BCDE6B2B25F9745200F710DE /* PBXTargetDependency */,
			);
			name = mal_projetwebmobile_frontmobileTests;
			productName = mal_projetwebmobile_frontmobileTests;
			productReference = BCDE6B2925F9745200F710DE /* mal_projetwebmobile_frontmobileTests.xctest */;
			productType = "com.apple.product-type.bundle.unit-test";
		};
		BCDE6B3325F9745200F710DE /* mal_projetwebmobile_frontmobileUITests */ = {
			isa = PBXNativeTarget;
			buildConfigurationList = BCDE6B4325F9745200F710DE /* Build configuration list for PBXNativeTarget "mal_projetwebmobile_frontmobileUITests" */;
			buildPhases = (
				BCDE6B3025F9745200F710DE /* Sources */,
				BCDE6B3125F9745200F710DE /* Frameworks */,
				BCDE6B3225F9745200F710DE /* Resources */,
			);
			buildRules = (
			);
			dependencies = (
				BCDE6B3625F9745200F710DE /* PBXTargetDependency */,
			);
			name = mal_projetwebmobile_frontmobileUITests;
			productName = mal_projetwebmobile_frontmobileUITests;
			productReference = BCDE6B3425F9745200F710DE /* mal_projetwebmobile_frontmobileUITests.xctest */;
			productType = "com.apple.product-type.bundle.ui-testing";
		};
/* End PBXNativeTarget section */

/* Begin PBXProject section */
		BCDE6B1025F9745100F710DE /* Project object */ = {
			isa = PBXProject;
			attributes = {
				LastSwiftUpdateCheck = 1240;
				LastUpgradeCheck = 1240;
				TargetAttributes = {
					BCDE6B1725F9745100F710DE = {
						CreatedOnToolsVersion = 12.4;
					};
					BCDE6B2825F9745200F710DE = {
						CreatedOnToolsVersion = 12.4;
						TestTargetID = BCDE6B1725F9745100F710DE;
					};
					BCDE6B3325F9745200F710DE = {
						CreatedOnToolsVersion = 12.4;
						TestTargetID = BCDE6B1725F9745100F710DE;
					};
				};
			};
			buildConfigurationList = BCDE6B1325F9745100F710DE /* Build configuration list for PBXProject "mal_projetwebmobile_frontmobile" */;
			compatibilityVersion = "Xcode 9.3";
			developmentRegion = en;
			hasScannedForEncodings = 0;
			knownRegions = (
				en,
				Base,
			);
			mainGroup = BCDE6B0F25F9745100F710DE;
			productRefGroup = BCDE6B1925F9745100F710DE /* Products */;
			projectDirPath = "";
			projectRoot = "";
			targets = (
				BCDE6B1725F9745100F710DE /* mal_projetwebmobile_frontmobile */,
				BCDE6B2825F9745200F710DE /* mal_projetwebmobile_frontmobileTests */,
				BCDE6B3325F9745200F710DE /* mal_projetwebmobile_frontmobileUITests */,
			);
		};
/* End PBXProject section */

/* Begin PBXResourcesBuildPhase section */
		BCDE6B1625F9745100F710DE /* Resources */ = {
			isa = PBXResourcesBuildPhase;
			buildActionMask = 2147483647;
			files = (
				BCDE6B2325F9745200F710DE /* Preview Assets.xcassets in Resources */,
				BCDE6B2025F9745200F710DE /* Assets.xcassets in Resources */,
			);
			runOnlyForDeploymentPostprocessing = 0;
		};
		BCDE6B2725F9745200F710DE /* Resources */ = {
			isa = PBXResourcesBuildPhase;
			buildActionMask = 2147483647;
			files = (
			);
			runOnlyForDeploymentPostprocessing = 0;
		};
		BCDE6B3225F9745200F710DE /* Resources */ = {
			isa = PBXResourcesBuildPhase;
			buildActionMask = 2147483647;
			files = (
			);
			runOnlyForDeploymentPostprocessing = 0;
		};
/* End PBXResourcesBuildPhase section */

/* Begin PBXSourcesBuildPhase section */
		BCDE6B1425F9745100F710DE /* Sources */ = {
			isa = PBXSourcesBuildPhase;
			buildActionMask = 2147483647;
			files = (
				BCDE6B1E25F9745100F710DE /* StartView.swift in Sources */,
				BCDE6B1C25F9745100F710DE /* mal_projetwebmobile_frontmobileApp.swift in Sources */,
				BCD713682610CD400002FAAA /* Zone.swift in Sources */,
				BCD713542610C61C0002FAAA /* Festival.swift in Sources */,
				93D894622609EBD20089ECB0 /* GameListView.swift in Sources */,
				93D8946C2609EC040089ECB0 /* ZoneListView.swift in Sources */,
				BCE8CE27260A421C0047CB27 /* Editor.swift in Sources */,
				9379EB082614CA41006916B5 /* SuiviJeu.swift in Sources */,
				93C025F026126EFF00492B81 /* FestivalIntent.swift in Sources */,
				BC6F5F692613D87600241649 /* GameListVM.swift in Sources */,
				BCE8CE35260A454B0047CB27 /* EditorListViewIntent.swift in Sources */,
				9379EB032614CA14006916B5 /* Societe.swift in Sources */,
				BCE8CE54260A6A140047CB27 /* EditorListVM.swift in Sources */,
				93D8947E2609EE510089ECB0 /* GameVM.swift in Sources */,
				9379EB0E2614CA68006916B5 /* TypeJeu.swift in Sources */,
				BCE8CE22260A41B80047CB27 /* EditorVM.swift in Sources */,
				93D894242600B87A0089ECB0 /* KeyboardResponder.swift in Sources */,
				93D8942C26011E350089ECB0 /* LoginView.swift in Sources */,
				93D894762609EE450089ECB0 /* Game.swift in Sources */,
				BCE8CE4F260A67210047CB27 /* InOutHelper.swift in Sources */,
				93D89495260B92120089ECB0 /* EditorItem.swift in Sources */,
				9379EAF92614C7D0006916B5 /* ZoneListVM.swift in Sources */,
				93D894672609EBF10089ECB0 /* EditorListView.swift in Sources */,
				BC6F5F6E2613D9A800241649 /* GameListViewIntent.swift in Sources */,
				93D8943F260143C30089ECB0 /* MotherView.swift in Sources */,
				9379EB232614CEBF006916B5 /* ZoneList.swift in Sources */,
				BC6F5F602613D47100241649 /* GameList.swift in Sources */,
				9379EAFE2614C9CE006916B5 /* Reservation.swift in Sources */,
				9379EAE726149117006916B5 /* HostingTabBar.swift in Sources */,
				93C025F526126F2A00492B81 /* FestivalVM.swift in Sources */,
				BCE8CE3D260A4F720047CB27 /* EditorList.swift in Sources */,
				9379EB282614D0A0006916B5 /* ZoneListIntent.swift in Sources */,
				93D8944E2601462B0089ECB0 /* ViewRouter.swift in Sources */,
				BCE8CE47260A5C2E0047CB27 /* ServerHelper.swift in Sources */,
			);
			runOnlyForDeploymentPostprocessing = 0;
		};
		BCDE6B2525F9745200F710DE /* Sources */ = {
			isa = PBXSourcesBuildPhase;
			buildActionMask = 2147483647;
			files = (
				BCDE6B2E25F9745200F710DE /* mal_projetwebmobile_frontmobileTests.swift in Sources */,
			);
			runOnlyForDeploymentPostprocessing = 0;
		};
		BCDE6B3025F9745200F710DE /* Sources */ = {
			isa = PBXSourcesBuildPhase;
			buildActionMask = 2147483647;
			files = (
				BCDE6B3925F9745200F710DE /* mal_projetwebmobile_frontmobileUITests.swift in Sources */,
			);
			runOnlyForDeploymentPostprocessing = 0;
		};
/* End PBXSourcesBuildPhase section */

/* Begin PBXTargetDependency section */
		BCDE6B2B25F9745200F710DE /* PBXTargetDependency */ = {
			isa = PBXTargetDependency;
			target = BCDE6B1725F9745100F710DE /* mal_projetwebmobile_frontmobile */;
			targetProxy = BCDE6B2A25F9745200F710DE /* PBXContainerItemProxy */;
		};
		BCDE6B3625F9745200F710DE /* PBXTargetDependency */ = {
			isa = PBXTargetDependency;
			target = BCDE6B1725F9745100F710DE /* mal_projetwebmobile_frontmobile */;
			targetProxy = BCDE6B3525F9745200F710DE /* PBXContainerItemProxy */;
		};
/* End PBXTargetDependency section */

/* Begin XCBuildConfiguration section */
		BCDE6B3B25F9745200F710DE /* Debug */ = {
			isa = XCBuildConfiguration;
			buildSettings = {
				ALWAYS_SEARCH_USER_PATHS = NO;
				CLANG_ANALYZER_NONNULL = YES;
				CLANG_ANALYZER_NUMBER_OBJECT_CONVERSION = YES_AGGRESSIVE;
				CLANG_CXX_LANGUAGE_STANDARD = "gnu++14";
				CLANG_CXX_LIBRARY = "libc++";
				CLANG_ENABLE_MODULES = YES;
				CLANG_ENABLE_OBJC_ARC = YES;
				CLANG_ENABLE_OBJC_WEAK = YES;
				CLANG_WARN_BLOCK_CAPTURE_AUTORELEASING = YES;
				CLANG_WARN_BOOL_CONVERSION = YES;
				CLANG_WARN_COMMA = YES;
				CLANG_WARN_CONSTANT_CONVERSION = YES;
				CLANG_WARN_DEPRECATED_OBJC_IMPLEMENTATIONS = YES;
				CLANG_WARN_DIRECT_OBJC_ISA_USAGE = YES_ERROR;
				CLANG_WARN_DOCUMENTATION_COMMENTS = YES;
				CLANG_WARN_EMPTY_BODY = YES;
				CLANG_WARN_ENUM_CONVERSION = YES;
				CLANG_WARN_INFINITE_RECURSION = YES;
				CLANG_WARN_INT_CONVERSION = YES;
				CLANG_WARN_NON_LITERAL_NULL_CONVERSION = YES;
				CLANG_WARN_OBJC_IMPLICIT_RETAIN_SELF = YES;
				CLANG_WARN_OBJC_LITERAL_CONVERSION = YES;
				CLANG_WARN_OBJC_ROOT_CLASS = YES_ERROR;
				CLANG_WARN_QUOTED_INCLUDE_IN_FRAMEWORK_HEADER = YES;
				CLANG_WARN_RANGE_LOOP_ANALYSIS = YES;
				CLANG_WARN_STRICT_PROTOTYPES = YES;
				CLANG_WARN_SUSPICIOUS_MOVE = YES;
				CLANG_WARN_UNGUARDED_AVAILABILITY = YES_AGGRESSIVE;
				CLANG_WARN_UNREACHABLE_CODE = YES;
				CLANG_WARN__DUPLICATE_METHOD_MATCH = YES;
				COPY_PHASE_STRIP = NO;
				DEBUG_INFORMATION_FORMAT = dwarf;
				ENABLE_STRICT_OBJC_MSGSEND = YES;
				ENABLE_TESTABILITY = YES;
				GCC_C_LANGUAGE_STANDARD = gnu11;
				GCC_DYNAMIC_NO_PIC = NO;
				GCC_NO_COMMON_BLOCKS = YES;
				GCC_OPTIMIZATION_LEVEL = 0;
				GCC_PREPROCESSOR_DEFINITIONS = (
					"DEBUG=1",
					"$(inherited)",
				);
				GCC_WARN_64_TO_32_BIT_CONVERSION = YES;
				GCC_WARN_ABOUT_RETURN_TYPE = YES_ERROR;
				GCC_WARN_UNDECLARED_SELECTOR = YES;
				GCC_WARN_UNINITIALIZED_AUTOS = YES_AGGRESSIVE;
				GCC_WARN_UNUSED_FUNCTION = YES;
				GCC_WARN_UNUSED_VARIABLE = YES;
				IPHONEOS_DEPLOYMENT_TARGET = 14.4;
				MTL_ENABLE_DEBUG_INFO = INCLUDE_SOURCE;
				MTL_FAST_MATH = YES;
				ONLY_ACTIVE_ARCH = YES;
				SDKROOT = iphoneos;
				SWIFT_ACTIVE_COMPILATION_CONDITIONS = DEBUG;
				SWIFT_OPTIMIZATION_LEVEL = "-Onone";
			};
			name = Debug;
		};
		BCDE6B3C25F9745200F710DE /* Release */ = {
			isa = XCBuildConfiguration;
			buildSettings = {
				ALWAYS_SEARCH_USER_PATHS = NO;
				CLANG_ANALYZER_NONNULL = YES;
				CLANG_ANALYZER_NUMBER_OBJECT_CONVERSION = YES_AGGRESSIVE;
				CLANG_CXX_LANGUAGE_STANDARD = "gnu++14";
				CLANG_CXX_LIBRARY = "libc++";
				CLANG_ENABLE_MODULES = YES;
				CLANG_ENABLE_OBJC_ARC = YES;
				CLANG_ENABLE_OBJC_WEAK = YES;
				CLANG_WARN_BLOCK_CAPTURE_AUTORELEASING = YES;
				CLANG_WARN_BOOL_CONVERSION = YES;
				CLANG_WARN_COMMA = YES;
				CLANG_WARN_CONSTANT_CONVERSION = YES;
				CLANG_WARN_DEPRECATED_OBJC_IMPLEMENTATIONS = YES;
				CLANG_WARN_DIRECT_OBJC_ISA_USAGE = YES_ERROR;
				CLANG_WARN_DOCUMENTATION_COMMENTS = YES;
				CLANG_WARN_EMPTY_BODY = YES;
				CLANG_WARN_ENUM_CONVERSION = YES;
				CLANG_WARN_INFINITE_RECURSION = YES;
				CLANG_WARN_INT_CONVERSION = YES;
				CLANG_WARN_NON_LITERAL_NULL_CONVERSION = YES;
				CLANG_WARN_OBJC_IMPLICIT_RETAIN_SELF = YES;
				CLANG_WARN_OBJC_LITERAL_CONVERSION = YES;
				CLANG_WARN_OBJC_ROOT_CLASS = YES_ERROR;
				CLANG_WARN_QUOTED_INCLUDE_IN_FRAMEWORK_HEADER = YES;
				CLANG_WARN_RANGE_LOOP_ANALYSIS = YES;
				CLANG_WARN_STRICT_PROTOTYPES = YES;
				CLANG_WARN_SUSPICIOUS_MOVE = YES;
				CLANG_WARN_UNGUARDED_AVAILABILITY = YES_AGGRESSIVE;
				CLANG_WARN_UNREACHABLE_CODE = YES;
				CLANG_WARN__DUPLICATE_METHOD_MATCH = YES;
				COPY_PHASE_STRIP = NO;
				DEBUG_INFORMATION_FORMAT = "dwarf-with-dsym";
				ENABLE_NS_ASSERTIONS = NO;
				ENABLE_STRICT_OBJC_MSGSEND = YES;
				GCC_C_LANGUAGE_STANDARD = gnu11;
				GCC_NO_COMMON_BLOCKS = YES;
				GCC_WARN_64_TO_32_BIT_CONVERSION = YES;
				GCC_WARN_ABOUT_RETURN_TYPE = YES_ERROR;
				GCC_WARN_UNDECLARED_SELECTOR = YES;
				GCC_WARN_UNINITIALIZED_AUTOS = YES_AGGRESSIVE;
				GCC_WARN_UNUSED_FUNCTION = YES;
				GCC_WARN_UNUSED_VARIABLE = YES;
				IPHONEOS_DEPLOYMENT_TARGET = 14.4;
				MTL_ENABLE_DEBUG_INFO = NO;
				MTL_FAST_MATH = YES;
				SDKROOT = iphoneos;
				SWIFT_COMPILATION_MODE = wholemodule;
				SWIFT_OPTIMIZATION_LEVEL = "-O";
				VALIDATE_PRODUCT = YES;
			};
			name = Release;
		};
		BCDE6B3E25F9745200F710DE /* Debug */ = {
			isa = XCBuildConfiguration;
			buildSettings = {
				ASSETCATALOG_COMPILER_APPICON_NAME = AppIcon;
				ASSETCATALOG_COMPILER_GLOBAL_ACCENT_COLOR_NAME = AccentColor;
				CODE_SIGN_STYLE = Automatic;
				DEVELOPMENT_ASSET_PATHS = "\"mal_projetwebmobile_frontmobile/Preview Content\"";
				ENABLE_PREVIEWS = YES;
				INFOPLIST_FILE = mal_projetwebmobile_frontmobile/Info.plist;
				IPHONEOS_DEPLOYMENT_TARGET = 14.0;
				LD_RUNPATH_SEARCH_PATHS = (
					"$(inherited)",
					"@executable_path/Frameworks",
				);
				PRODUCT_BUNDLE_IDENTIFIER = "mal.mal-projetwebmobile-frontmobile";
				PRODUCT_NAME = "$(TARGET_NAME)";
				SWIFT_VERSION = 5.0;
				TARGETED_DEVICE_FAMILY = "1,2";
			};
			name = Debug;
		};
		BCDE6B3F25F9745200F710DE /* Release */ = {
			isa = XCBuildConfiguration;
			buildSettings = {
				ASSETCATALOG_COMPILER_APPICON_NAME = AppIcon;
				ASSETCATALOG_COMPILER_GLOBAL_ACCENT_COLOR_NAME = AccentColor;
				CODE_SIGN_STYLE = Automatic;
				DEVELOPMENT_ASSET_PATHS = "\"mal_projetwebmobile_frontmobile/Preview Content\"";
				ENABLE_PREVIEWS = YES;
				INFOPLIST_FILE = mal_projetwebmobile_frontmobile/Info.plist;
				IPHONEOS_DEPLOYMENT_TARGET = 14.0;
				LD_RUNPATH_SEARCH_PATHS = (
					"$(inherited)",
					"@executable_path/Frameworks",
				);
				PRODUCT_BUNDLE_IDENTIFIER = "mal.mal-projetwebmobile-frontmobile";
				PRODUCT_NAME = "$(TARGET_NAME)";
				SWIFT_VERSION = 5.0;
				TARGETED_DEVICE_FAMILY = "1,2";
			};
			name = Release;
		};
		BCDE6B4125F9745200F710DE /* Debug */ = {
			isa = XCBuildConfiguration;
			buildSettings = {
				ALWAYS_EMBED_SWIFT_STANDARD_LIBRARIES = YES;
				BUNDLE_LOADER = "$(TEST_HOST)";
				CODE_SIGN_STYLE = Automatic;
				INFOPLIST_FILE = mal_projetwebmobile_frontmobileTests/Info.plist;
				IPHONEOS_DEPLOYMENT_TARGET = 14.0;
				LD_RUNPATH_SEARCH_PATHS = (
					"$(inherited)",
					"@executable_path/Frameworks",
					"@loader_path/Frameworks",
				);
				PRODUCT_BUNDLE_IDENTIFIER = "mal.mal-projetwebmobile-frontmobileTests";
				PRODUCT_NAME = "$(TARGET_NAME)";
				SWIFT_VERSION = 5.0;
				TARGETED_DEVICE_FAMILY = "1,2";
				TEST_HOST = "$(BUILT_PRODUCTS_DIR)/mal_projetwebmobile_frontmobile.app/mal_projetwebmobile_frontmobile";
			};
			name = Debug;
		};
		BCDE6B4225F9745200F710DE /* Release */ = {
			isa = XCBuildConfiguration;
			buildSettings = {
				ALWAYS_EMBED_SWIFT_STANDARD_LIBRARIES = YES;
				BUNDLE_LOADER = "$(TEST_HOST)";
				CODE_SIGN_STYLE = Automatic;
				INFOPLIST_FILE = mal_projetwebmobile_frontmobileTests/Info.plist;
				IPHONEOS_DEPLOYMENT_TARGET = 14.0;
				LD_RUNPATH_SEARCH_PATHS = (
					"$(inherited)",
					"@executable_path/Frameworks",
					"@loader_path/Frameworks",
				);
				PRODUCT_BUNDLE_IDENTIFIER = "mal.mal-projetwebmobile-frontmobileTests";
				PRODUCT_NAME = "$(TARGET_NAME)";
				SWIFT_VERSION = 5.0;
				TARGETED_DEVICE_FAMILY = "1,2";
				TEST_HOST = "$(BUILT_PRODUCTS_DIR)/mal_projetwebmobile_frontmobile.app/mal_projetwebmobile_frontmobile";
			};
			name = Release;
		};
		BCDE6B4425F9745200F710DE /* Debug */ = {
			isa = XCBuildConfiguration;
			buildSettings = {
				ALWAYS_EMBED_SWIFT_STANDARD_LIBRARIES = YES;
				CODE_SIGN_STYLE = Automatic;
				INFOPLIST_FILE = mal_projetwebmobile_frontmobileUITests/Info.plist;
				LD_RUNPATH_SEARCH_PATHS = (
					"$(inherited)",
					"@executable_path/Frameworks",
					"@loader_path/Frameworks",
				);
				PRODUCT_BUNDLE_IDENTIFIER = "mal.mal-projetwebmobile-frontmobileUITests";
				PRODUCT_NAME = "$(TARGET_NAME)";
				SWIFT_VERSION = 5.0;
				TARGETED_DEVICE_FAMILY = "1,2";
				TEST_TARGET_NAME = mal_projetwebmobile_frontmobile;
			};
			name = Debug;
		};
		BCDE6B4525F9745200F710DE /* Release */ = {
			isa = XCBuildConfiguration;
			buildSettings = {
				ALWAYS_EMBED_SWIFT_STANDARD_LIBRARIES = YES;
				CODE_SIGN_STYLE = Automatic;
				INFOPLIST_FILE = mal_projetwebmobile_frontmobileUITests/Info.plist;
				LD_RUNPATH_SEARCH_PATHS = (
					"$(inherited)",
					"@executable_path/Frameworks",
					"@loader_path/Frameworks",
				);
				PRODUCT_BUNDLE_IDENTIFIER = "mal.mal-projetwebmobile-frontmobileUITests";
				PRODUCT_NAME = "$(TARGET_NAME)";
				SWIFT_VERSION = 5.0;
				TARGETED_DEVICE_FAMILY = "1,2";
				TEST_TARGET_NAME = mal_projetwebmobile_frontmobile;
			};
			name = Release;
		};
/* End XCBuildConfiguration section */

/* Begin XCConfigurationList section */
		BCDE6B1325F9745100F710DE /* Build configuration list for PBXProject "mal_projetwebmobile_frontmobile" */ = {
			isa = XCConfigurationList;
			buildConfigurations = (
				BCDE6B3B25F9745200F710DE /* Debug */,
				BCDE6B3C25F9745200F710DE /* Release */,
			);
			defaultConfigurationIsVisible = 0;
			defaultConfigurationName = Release;
		};
		BCDE6B3D25F9745200F710DE /* Build configuration list for PBXNativeTarget "mal_projetwebmobile_frontmobile" */ = {
			isa = XCConfigurationList;
			buildConfigurations = (
				BCDE6B3E25F9745200F710DE /* Debug */,
				BCDE6B3F25F9745200F710DE /* Release */,
			);
			defaultConfigurationIsVisible = 0;
			defaultConfigurationName = Release;
		};
		BCDE6B4025F9745200F710DE /* Build configuration list for PBXNativeTarget "mal_projetwebmobile_frontmobileTests" */ = {
			isa = XCConfigurationList;
			buildConfigurations = (
				BCDE6B4125F9745200F710DE /* Debug */,
				BCDE6B4225F9745200F710DE /* Release */,
			);
			defaultConfigurationIsVisible = 0;
			defaultConfigurationName = Release;
		};
		BCDE6B4325F9745200F710DE /* Build configuration list for PBXNativeTarget "mal_projetwebmobile_frontmobileUITests" */ = {
			isa = XCConfigurationList;
			buildConfigurations = (
				BCDE6B4425F9745200F710DE /* Debug */,
				BCDE6B4525F9745200F710DE /* Release */,
			);
			defaultConfigurationIsVisible = 0;
			defaultConfigurationName = Release;
		};
/* End XCConfigurationList section */
	};
	rootObject = BCDE6B1025F9745100F710DE /* Project object */;
}
